
Microsoft Visual Studio Solution File, Format Version 12.00
# Visual Studio Version 17
VisualStudioVersion = 17.9.34714.143
MinimumVisualStudioVersion = 10.0.40219.1
Project("{FAE04EC0-301F-11D3-BF4B-00C04F79EFBC}") = "EnviarMsg", "EnviarMsg\EnviarMsg.csproj", "{B658AA86-1630-4179-A421-7BB419B50B26}"
EndProject
Global
	GlobalSection(SolutionConfigurationPlatforms) = preSolution
		Debug|Any CPU = Debug|Any CPU
		Release|Any CPU = Release|Any CPU
	EndGlobalSection
	GlobalSection(ProjectConfigurationPlatforms) = postSolution
		{B658AA86-1630-4179-A421-7BB419B50B26}.Debug|Any CPU.ActiveCfg = Debug|Any CPU
		{B658AA86-1630-4179-A421-7BB419B50B26}.Debug|Any CPU.Build.0 = Debug|Any CPU
		{B658AA86-1630-4179-A421-7BB419B50B26}.Release|Any CPU.ActiveCfg = Release|Any CPU
		{B658AA86-1630-4179-A421-7BB419B50B26}.Release|Any CPU.Build.0 = Release|Any CPU
	EndGlobalSection
	GlobalSection(SolutionProperties) = preSolution
		HideSolutionNode = FALSE
	EndGlobalSection
	GlobalSection(ExtensibilityGlobals) = postSolution
		SolutionGuid = {1EB392AA-EC3B-4834-9D60-742E639D1520}
	EndGlobalSection
EndGlobal
